
Microsoft Visual Studio Solution File, Format Version 12.00
# Visual Studio Version 17
VisualStudioVersion = 17.3.32825.248
MinimumVisualStudioVersion = 10.0.40219.1
Project("{FAE04EC0-301F-11D3-BF4B-00C04F79EFBC}") = "Exec3_Enumerable", "Exec3_Enumerable\Exec3_Enumerable.csproj", "{14D622B0-F5E3-40F9-B100-1388FA33ADE3}"
EndProject
Global
	GlobalSection(SolutionConfigurationPlatforms) = preSolution
		Debug|Any CPU = Debug|Any CPU
		Release|Any CPU = Release|Any CPU
	EndGlobalSection
	GlobalSection(ProjectConfigurationPlatforms) = postSolution
		{14D622B0-F5E3-40F9-B100-1388FA33ADE3}.Debug|Any CPU.ActiveCfg = Debug|Any CPU
		{14D622B0-F5E3-40F9-B100-1388FA33ADE3}.Debug|Any CPU.Build.0 = Debug|Any CPU
		{14D622B0-F5E3-40F9-B100-1388FA33ADE3}.Release|Any CPU.ActiveCfg = Release|Any CPU
		{14D622B0-F5E3-40F9-B100-1388FA33ADE3}.Release|Any CPU.Build.0 = Release|Any CPU
	EndGlobalSection
	GlobalSection(SolutionProperties) = preSolution
		HideSolutionNode = FALSE
	EndGlobalSection
	GlobalSection(ExtensibilityGlobals) = postSolution
		SolutionGuid = {BC6DE9AB-D3F8-45E2-9306-B78359DD2DCC}
	EndGlobalSection
EndGlobal
